# THIS IS AN AUTOGENERATED FILE. DO NOT EDIT THIS FILE DIRECTLY.
# yarn lockfile v1


"@types/node@^15.0.1":
  version "15.0.1"
  resolved "https://registry.yarnpkg.com/@types/node/-/node-15.0.1.tgz#ef34dea0881028d11398be5bf4e856743e3dc35a"
  integrity sha512-TMkXt0Ck1y0KKsGr9gJtWGjttxlZnnvDtphxUOSd0bfaR6Q1jle+sPvrzNR1urqYTWMinoKvjKfXUGsumaO1PA==

"@types/seed-random@^2.2.0":
  version "2.2.0"
  resolved "https://registry.yarnpkg.com/@types/seed-random/-/seed-random-2.2.0.tgz#38a1acb76ba12cc79b98cfa77962773d3ff0764c"
  integrity sha512-cQzmJjnYeGTZ6yrSljKUpBXim39c9cRwpTFArZzSdD3Jp5G1Le4YS+OUxf0KaI3AD+DRaSzDV0NH13U1N6CZ3g==

arg@^4.1.0:
  version "4.1.3"
  resolved "https://registry.yarnpkg.com/arg/-/arg-4.1.3.tgz#269fc7ad5b8e42cb63c896d5666017261c144089"
  integrity sha512-58S9QDqG0Xx27YwPSt9fJxivjYl432YCwfDMfZ+71RAqUrZef7LrKQZ3LHLOwCS4FLNBplP533Zx895SeOCHvA==

automerge@0.14.2:
  version "0.14.2"
  resolved "https://registry.yarnpkg.com/automerge/-/automerge-0.14.2.tgz#47503df1772fe3d917b80226e074589d9fb5f549"
  integrity sha512-shiwuJHCbNRI23WZyIECLV4Ovf3WiAFJ7P9BH4l5gON1In/UUbjcSJKRygtIirObw2UQumeYxp3F2XBdSvQHnA==
  dependencies:
    immutable "^3.8.2"
    transit-immutable-js "^0.7.0"
    transit-js "^0.8.861"
    uuid "^3.4.0"

buffer-from@^1.0.0:
  version "1.1.1"
  resolved "https://registry.yarnpkg.com/buffer-from/-/buffer-from-1.1.1.tgz#32713bc028f75c02fdb710d7c7bcec1f2c6070ef"
  integrity sha512-MQcXEUbCKtEo7bhqEs6560Hyd4XaovZlO/k9V3hjVUF/zwW7KBVdSK4gIt/bzwS9MbR5qob+F5jusZsb0YQK2A==

create-require@^1.1.0:
  version "1.1.1"
  resolved "https://registry.yarnpkg.com/create-require/-/create-require-1.1.1.tgz#c1d7e8f1e5f6cfc9ff65f9cd352d37348756c333"
  integrity sha512-dcKFX3jn0MpIaXjisoRvexIJVEKzaq7z2rZKxf+MSr9TkdmHmsU4m2lcLojrj/FHl8mk5VxMmYA+ftRkP/3oKQ==

diff@^4.0.1:
  version "4.0.2"
  resolved "https://registry.yarnpkg.com/diff/-/diff-4.0.2.tgz#60f3aecb89d5fae520c11aa19efc2bb982aade7d"
  integrity sha512-58lmxKSA4BNyLz+HHMUzlOEpg09FV+ev6ZMe3vJihgdxzgcwZ8VoEEPmALCZG9LmqfVoNMMKpttIYTVG6uDY7A==

immutable@^3.8.2:
  version "3.8.2"
  resolved "https://registry.yarnpkg.com/immutable/-/immutable-3.8.2.tgz#c2439951455bb39913daf281376f1530e104adf3"
  integrity sha1-wkOZUUVbs5kT2vKBN28VMOEErfM=

isomorphic.js@^0.2.4:
  version "0.2.4"
  resolved "https://registry.yarnpkg.com/isomorphic.js/-/isomorphic.js-0.2.4.tgz#24ca374163ae54a7ce3b86ce63b701b91aa84969"
  integrity sha512-Y4NjZceAwaPXctwsHgNsmfuPxR8lJ3f8X7QTAkhltrX4oGIv+eTlgHLXn4tWysC9zGTi929gapnPp+8F8cg7nA==

lib0@^0.2.38:
  version "0.2.41"
  resolved "https://registry.yarnpkg.com/lib0/-/lib0-0.2.41.tgz#57e6e9ffa2eb7c621c891946d150af50fac035bc"
  integrity sha512-lZ0I6N81tIDgoPIlUTRhb6mNjPsG5BXIbaK/UbtjakcYnfR+O64bKtIrLXDDnfd7nAo4vpGeZ0mPzbTsNTREcg==
  dependencies:
    isomorphic.js "^0.2.4"

make-error@^1.1.1:
  version "1.3.6"
  resolved "https://registry.yarnpkg.com/make-error/-/make-error-1.3.6.tgz#2eb2e37ea9b67c4891f684a1394799af484cf7a2"
  integrity sha512-s8UhlNe7vPKomQhC1qFelMokr/Sc3AgNbso3n74mVPA5LTZwkB9NlXf4XPamLxJE8h0gh73rM94xvwRT2CVInw==

seed-random@^2.2.0:
  version "2.2.0"
  resolved "https://registry.yarnpkg.com/seed-random/-/seed-random-2.2.0.tgz#2a9b19e250a817099231a5b99a4daf80b7fbed54"
  integrity sha1-KpsZ4lCoFwmSMaW5mk2vgLf77VQ=

source-map-support@^0.5.17:
  version "0.5.19"
  resolved "https://registry.yarnpkg.com/source-map-support/-/source-map-support-0.5.19.tgz#a98b62f86dcaf4f67399648c085291ab9e8fed61"
  integrity sha512-Wonm7zOCIJzBGQdB+thsPar0kYuCIzYvxZwlBa87yi/Mdjv7Tip2cyVbLj5o0cFPN4EVkuTwb3GDDyUx2DGnGw==
  dependencies:
    buffer-from "^1.0.0"
    source-map "^0.6.0"

source-map@^0.6.0:
  version "0.6.1"
  resolved "https://registry.yarnpkg.com/source-map/-/source-map-0.6.1.tgz#74722af32e9614e9c287a8d0bbde48b5e2f1a263"
  integrity sha512-UjgapumWlbMhkBgzT7Ykc5YXUT46F0iKu8SGXq0bcwP5dz/h0Plj6enJqjz1Zbq2l5WaqYnrVbwWOWMyF3F47g==

transit-immutable-js@^0.7.0:
  version "0.7.0"
  resolved "https://registry.yarnpkg.com/transit-immutable-js/-/transit-immutable-js-0.7.0.tgz#993e25089b6311ff402140f556276d6d253005d9"
  integrity sha1-mT4lCJtjEf9AIUD1VidtbSUwBdk=

transit-js@^0.8.861:
  version "0.8.874"
  resolved "https://registry.yarnpkg.com/transit-js/-/transit-js-0.8.874.tgz#37b27d6632bd796567c359220297c862e3988bbb"
  integrity sha512-IDJJGKRzUbJHmN0P15HBBa05nbKor3r2MmG6aSt0UxXIlJZZKcddTk67/U7WyAeW9Hv/VYI02IqLzolsC4sbPA==

ts-node@^9.1.1:
  version "9.1.1"
  resolved "https://registry.yarnpkg.com/ts-node/-/ts-node-9.1.1.tgz#51a9a450a3e959401bda5f004a72d54b936d376d"
  integrity sha512-hPlt7ZACERQGf03M253ytLY3dHbGNGrAq9qIHWUY9XHYl1z7wYngSr3OQ5xmui8o2AaxsONxIzjafLUiWBo1Fg==
  dependencies:
    arg "^4.1.0"
    create-require "^1.1.0"
    diff "^4.0.1"
    make-error "^1.1.1"
    source-map-support "^0.5.17"
    yn "3.1.1"

typescript@^4.2.4:
  version "4.2.4"
  resolved "https://registry.yarnpkg.com/typescript/-/typescript-4.2.4.tgz#8610b59747de028fda898a8aef0e103f156d0961"
  integrity sha512-V+evlYHZnQkaz8TRBuxTA92yZBPotr5H+WhQ7bD3hZUndx5tGOa1fuCgeSjxAzM1RiN5IzvadIXTVefuuwZCRg==

uuid@^3.4.0:
  version "3.4.0"
  resolved "https://registry.yarnpkg.com/uuid/-/uuid-3.4.0.tgz#b23e4358afa8a202fe7a100af1f5f883f02007ee"
  integrity sha512-HjSDRw6gZE5JMggctHBcjVak08+KEVhSIiDzFnT9S9aegmp85S/bReBVTb4QTFaRNptJ9kuYaNhnbNEOkbKb/A==

yjs@^13.5.5:
  version "13.5.5"
  resolved "https://registry.yarnpkg.com/yjs/-/yjs-13.5.5.tgz#8a52a7354006e04a54dc62c9ffbbd7c606e20ded"
  integrity sha512-sbE4G+bSP0jw71aJ9Hqi5UxOTy8JGkObIaCSpY6krRoNqssPCWq05rqV9PQcuMqcrHD3twzko92fVaF1S3id/Q==
  dependencies:
    lib0 "^0.2.38"

yn@3.1.1:
  version "3.1.1"
  resolved "https://registry.yarnpkg.com/yn/-/yn-3.1.1.tgz#1e87401a09d767c1d5eab26a6e4c185182d2eb50"
  integrity sha512-Ux4ygGWsu2c7isFWe8Yu1YluJmqVhxqK2cLXNQA5AcC3QfbGNpM7fu0Y8b/z16pXLnFxZYvWhd3fhBY9DLmC6Q==
